
Microsoft Visual Studio Solution File, Format Version 12.00
# Visual Studio 15
VisualStudioVersion = 15.0.28010.2003
MinimumVisualStudioVersion = 10.0.40219.1
Project("{FAE04EC0-301F-11D3-BF4B-00C04F79EFBC}") = "ConsoleApp3", "ConsoleApp3\ConsoleApp3.csproj", "{15D39B94-9ED0-4973-AAF8-30D5DDB32570}"
EndProject
Global
	GlobalSection(SolutionConfigurationPlatforms) = preSolution
		Debug|Any CPU = Debug|Any CPU
		Release|Any CPU = Release|Any CPU
	EndGlobalSection
	GlobalSection(ProjectConfigurationPlatforms) = postSolution
		{15D39B94-9ED0-4973-AAF8-30D5DDB32570}.Debug|Any CPU.ActiveCfg = Debug|Any CPU
		{15D39B94-9ED0-4973-AAF8-30D5DDB32570}.Debug|Any CPU.Build.0 = Debug|Any CPU
		{15D39B94-9ED0-4973-AAF8-30D5DDB32570}.Release|Any CPU.ActiveCfg = Release|Any CPU
		{15D39B94-9ED0-4973-AAF8-30D5DDB32570}.Release|Any CPU.Build.0 = Release|Any CPU
	EndGlobalSection
	GlobalSection(SolutionProperties) = preSolution
		HideSolutionNode = FALSE
	EndGlobalSection
	GlobalSection(ExtensibilityGlobals) = postSolution
		SolutionGuid = {532ABCDE-07CA-4920-8856-7603978D876B}
	EndGlobalSection
EndGlobal
