
Microsoft Visual Studio Solution File, Format Version 12.00
# Visual Studio 15
VisualStudioVersion = 15.0.28010.2003
MinimumVisualStudioVersion = 10.0.40219.1
Project("{FAE04EC0-301F-11D3-BF4B-00C04F79EFBC}") = "WebApplication1", "WebApplication1\WebApplication1.csproj", "{8B83DA6B-CA66-477B-8468-E72DB803F404}"
EndProject
Global
	GlobalSection(SolutionConfigurationPlatforms) = preSolution
		Debug|Any CPU = Debug|Any CPU
		Release|Any CPU = Release|Any CPU
	EndGlobalSection
	GlobalSection(ProjectConfigurationPlatforms) = postSolution
		{8B83DA6B-CA66-477B-8468-E72DB803F404}.Debug|Any CPU.ActiveCfg = Debug|Any CPU
		{8B83DA6B-CA66-477B-8468-E72DB803F404}.Debug|Any CPU.Build.0 = Debug|Any CPU
		{8B83DA6B-CA66-477B-8468-E72DB803F404}.Release|Any CPU.ActiveCfg = Release|Any CPU
		{8B83DA6B-CA66-477B-8468-E72DB803F404}.Release|Any CPU.Build.0 = Release|Any CPU
	EndGlobalSection
	GlobalSection(SolutionProperties) = preSolution
		HideSolutionNode = FALSE
	EndGlobalSection
	GlobalSection(ExtensibilityGlobals) = postSolution
		SolutionGuid = {156FB257-3BE9-4B18-83BD-4EE2110FB1F1}
	EndGlobalSection
EndGlobal
